// !$*UTF8*$!
{
	archiveVersion = 1;
	classes = {
	};
	objectVersion = 46;
	objects = {

/* Begin PBXBuildFile section */
		185785671E8A3BF400B75805 /* AppDelegate.swift in Sources */ = {isa = PBXBuildFile; fileRef = 185785661E8A3BF400B75805 /* AppDelegate.swift */; };
		185785691E8A3BF400B75805 /* ViewController.swift in Sources */ = {isa = PBXBuildFile; fileRef = 185785681E8A3BF400B75805 /* ViewController.swift */; };
		1857856C1E8A3BF400B75805 /* Main.storyboard in Resources */ = {isa = PBXBuildFile; fileRef = 1857856A1E8A3BF400B75805 /* Main.storyboard */; };
		1857856E1E8A3BF400B75805 /* Assets.xcassets in Resources */ = {isa = PBXBuildFile; fileRef = 1857856D1E8A3BF400B75805 /* Assets.xcassets */; };
		185785711E8A3BF400B75805 /* LaunchScreen.storyboard in Resources */ = {isa = PBXBuildFile; fileRef = 1857856F1E8A3BF400B75805 /* LaunchScreen.storyboard */; };
		1857857C1E8A3BF400B75805 /* SwiftDemoTests.swift in Sources */ = {isa = PBXBuildFile; fileRef = 1857857B1E8A3BF400B75805 /* SwiftDemoTests.swift */; };
		185785871E8A3BF400B75805 /* SwiftDemoUITests.swift in Sources */ = {isa = PBXBuildFile; fileRef = 185785861E8A3BF400B75805 /* SwiftDemoUITests.swift */; };
		185785971E8A3D4500B75805 /* checkered (6).png in Resources */ = {isa = PBXBuildFile; fileRef = 185785961E8A3D4500B75805 /* checkered (6).png */; };
/* End PBXBuildFile section */

/* Begin PBXContainerItemProxy section */
		185785781E8A3BF400B75805 /* PBXContainerItemProxy */ = {
			isa = PBXContainerItemProxy;
			containerPortal = 1857855B1E8A3BF400B75805 /* Project object */;
			proxyType = 1;
			remoteGlobalIDString = 185785621E8A3BF400B75805;
			remoteInfo = SwiftDemo;
		};
		185785831E8A3BF400B75805 /* PBXContainerItemProxy */ = {
			isa = PBXContainerItemProxy;
			containerPortal = 1857855B1E8A3BF400B75805 /* Project object */;
			proxyType = 1;
			remoteGlobalIDString = 185785621E8A3BF400B75805;
			remoteInfo = SwiftDemo;
		};
/* End PBXContainerItemProxy section */

/* Begin PBXFileReference section */
		185785631E8A3BF400B75805 /* SwiftDemo.app */ = {isa = PBXFileReference; explicitFileType = wrapper.application; includeInIndex = 0; path = SwiftDemo.app; sourceTree = BUILT_PRODUCTS_DIR; };
		185785661E8A3BF400B75805 /* AppDelegate.swift */ = {isa = PBXFileReference; lastKnownFileType = sourcecode.swift; path = AppDelegate.swift; sourceTree = "<group>"; };
		185785681E8A3BF400B75805 /* ViewController.swift */ = {isa = PBXFileReference; lastKnownFileType = sourcecode.swift; path = ViewController.swift; sourceTree = "<group>"; };
		1857856B1E8A3BF400B75805 /* Base */ = {isa = PBXFileReference; lastKnownFileType = file.storyboard; name = Base; path = Base.lproj/Main.storyboard; sourceTree = "<group>"; };
		1857856D1E8A3BF400B75805 /* Assets.xcassets */ = {isa = PBXFileReference; lastKnownFileType = folder.assetcatalog; path = Assets.xcassets; sourceTree = "<group>"; };
		185785701E8A3BF400B75805 /* Base */ = {isa = PBXFileReference; lastKnownFileType = file.storyboard; name = Base; path = Base.lproj/LaunchScreen.storyboard; sourceTree = "<group>"; };
		185785721E8A3BF400B75805 /* Info.plist */ = {isa = PBXFileReference; lastKnownFileType = text.plist.xml; path = Info.plist; sourceTree = "<group>"; };
		185785771E8A3BF400B75805 /* SwiftDemoTests.xctest */ = {isa = PBXFileReference; explicitFileType = wrapper.cfbundle; includeInIndex = 0; path = SwiftDemoTests.xctest; sourceTree = BUILT_PRODUCTS_DIR; };
		1857857B1E8A3BF400B75805 /* SwiftDemoTests.swift */ = {isa = PBXFileReference; lastKnownFileType = sourcecode.swift; path = SwiftDemoTests.swift; sourceTree = "<group>"; };
		1857857D1E8A3BF400B75805 /* Info.plist */ = {isa = PBXFileReference; lastKnownFileType = text.plist.xml; path = Info.plist; sourceTree = "<group>"; };
		185785821E8A3BF400B75805 /* SwiftDemoUITests.xctest */ = {isa = PBXFileReference; explicitFileType = wrapper.cfbundle; includeInIndex = 0; path = SwiftDemoUITests.xctest; sourceTree = BUILT_PRODUCTS_DIR; };
		185785861E8A3BF400B75805 /* SwiftDemoUITests.swift */ = {isa = PBXFileReference; lastKnownFileType = sourcecode.swift; path = SwiftDemoUITests.swift; sourceTree = "<group>"; };
		185785881E8A3BF400B75805 /* Info.plist */ = {isa = PBXFileReference; lastKnownFileType = text.plist.xml; path = Info.plist; sourceTree = "<group>"; };
		185785961E8A3D4500B75805 /* checkered (6).png */ = {isa = PBXFileReference; lastKnownFileType = image.png; name = "checkered (6).png"; path = "../../../../Downloads/checkered (6).png"; sourceTree = "<group>"; };
/* End PBXFileReference section */

/* Begin PBXFrameworksBuildPhase section */
		185785601E8A3BF400B75805 /* Frameworks */ = {
			isa = PBXFrameworksBuildPhase;
			buildActionMask = 2147483647;
			files = (
			);
			runOnlyForDeploymentPostprocessing = 0;
		};
		185785741E8A3BF400B75805 /* Frameworks */ = {
			isa = PBXFrameworksBuildPhase;
			buildActionMask = 2147483647;
			files = (
			);
			runOnlyForDeploymentPostprocessing = 0;
		};
		1857857F1E8A3BF400B75805 /* Frameworks */ = {
			isa = PBXFrameworksBuildPhase;
			buildActionMask = 2147483647;
			files = (
			);
			runOnlyForDeploymentPostprocessing = 0;
		};
/* End PBXFrameworksBuildPhase section */

/* Begin PBXGroup section */
		1857855A1E8A3BF400B75805 = {
			isa = PBXGroup;
			children = (
				185785651E8A3BF400B75805 /* SwiftDemo */,
				1857857A1E8A3BF400B75805 /* SwiftDemoTests */,
				185785851E8A3BF400B75805 /* SwiftDemoUITests */,
				185785641E8A3BF400B75805 /* Products */,
			);
			sourceTree = "<group>";
		};
		185785641E8A3BF400B75805 /* Products */ = {
			isa = PBXGroup;
			children = (
				185785631E8A3BF400B75805 /* SwiftDemo.app */,
				185785771E8A3BF400B75805 /* SwiftDemoTests.xctest */,
				185785821E8A3BF400B75805 /* SwiftDemoUITests.xctest */,
			);
			name = Products;
			sourceTree = "<group>";
		};
		185785651E8A3BF400B75805 /* SwiftDemo */ = {
			isa = PBXGroup;
			children = (
				185785961E8A3D4500B75805 /* checkered (6).png */,
				185785661E8A3BF400B75805 /* AppDelegate.swift */,
				185785681E8A3BF400B75805 /* ViewController.swift */,
				1857856A1E8A3BF400B75805 /* Main.storyboard */,
				1857856D1E8A3BF400B75805 /* Assets.xcassets */,
				1857856F1E8A3BF400B75805 /* LaunchScreen.storyboard */,
				185785721E8A3BF400B75805 /* Info.plist */,
			);
			path = SwiftDemo;
			sourceTree = "<group>";
		};
		1857857A1E8A3BF400B75805 /* SwiftDemoTests */ = {
			isa = PBXGroup;
			children = (
				1857857B1E8A3BF400B75805 /* SwiftDemoTests.swift */,
				1857857D1E8A3BF400B75805 /* Info.plist */,
			);
			path = SwiftDemoTests;
			sourceTree = "<group>";
		};
		185785851E8A3BF400B75805 /* SwiftDemoUITests */ = {
			isa = PBXGroup;
			children = (
				185785861E8A3BF400B75805 /* SwiftDemoUITests.swift */,
				185785881E8A3BF400B75805 /* Info.plist */,
			);
			path = SwiftDemoUITests;
			sourceTree = "<group>";
		};
/* End PBXGroup section */

/* Begin PBXNativeTarget section */
		185785621E8A3BF400B75805 /* SwiftDemo */ = {
			isa = PBXNativeTarget;
			buildConfigurationList = 1857858B1E8A3BF400B75805 /* Build configuration list for PBXNativeTarget "SwiftDemo" */;
			buildPhases = (
				1857855F1E8A3BF400B75805 /* Sources */,
				185785601E8A3BF400B75805 /* Frameworks */,
				185785611E8A3BF400B75805 /* Resources */,
			);
			buildRules = (
			);
			dependencies = (
			);
			name = SwiftDemo;
			productName = SwiftDemo;
			productReference = 185785631E8A3BF400B75805 /* SwiftDemo.app */;
			productType = "com.apple.product-type.application";
		};
		185785761E8A3BF400B75805 /* SwiftDemoTests */ = {
			isa = PBXNativeTarget;
			buildConfigurationList = 1857858E1E8A3BF400B75805 /* Build configuration list for PBXNativeTarget "SwiftDemoTests" */;
			buildPhases = (
				185785731E8A3BF400B75805 /* Sources */,
				185785741E8A3BF400B75805 /* Frameworks */,
				185785751E8A3BF400B75805 /* Resources */,
			);
			buildRules = (
			);
			dependencies = (
				185785791E8A3BF400B75805 /* PBXTargetDependency */,
			);
			name = SwiftDemoTests;
			productName = SwiftDemoTests;
			productReference = 185785771E8A3BF400B75805 /* SwiftDemoTests.xctest */;
			productType = "com.apple.product-type.bundle.unit-test";
		};
		185785811E8A3BF400B75805 /* SwiftDemoUITests */ = {
			isa = PBXNativeTarget;
			buildConfigurationList = 185785911E8A3BF400B75805 /* Build configuration list for PBXNativeTarget "SwiftDemoUITests" */;
			buildPhases = (
				1857857E1E8A3BF400B75805 /* Sources */,
				1857857F1E8A3BF400B75805 /* Frameworks */,
				185785801E8A3BF400B75805 /* Resources */,
			);
			buildRules = (
			);
			dependencies = (
				185785841E8A3BF400B75805 /* PBXTargetDependency */,
			);
			name = SwiftDemoUITests;
			productName = SwiftDemoUITests;
			productReference = 185785821E8A3BF400B75805 /* SwiftDemoUITests.xctest */;
			productType = "com.apple.product-type.bundle.ui-testing";
		};
/* End PBXNativeTarget section */

/* Begin PBXProject section */
		1857855B1E8A3BF400B75805 /* Project object */ = {
			isa = PBXProject;
			attributes = {
				LastSwiftUpdateCheck = 0820;
				LastUpgradeCheck = 0820;
				ORGANIZATIONNAME = Apple;
				TargetAttributes = {
					185785621E8A3BF400B75805 = {
						CreatedOnToolsVersion = 8.2.1;
						DevelopmentTeam = JC39BY23BM;
						ProvisioningStyle = Manual;
					};
					185785761E8A3BF400B75805 = {
						CreatedOnToolsVersion = 8.2.1;
						DevelopmentTeam = JC39BY23BM;
						ProvisioningStyle = Manual;
						TestTargetID = 185785621E8A3BF400B75805;
					};
					185785811E8A3BF400B75805 = {
						CreatedOnToolsVersion = 8.2.1;
						DevelopmentTeam = JC39BY23BM;
						ProvisioningStyle = Manual;
						TestTargetID = 185785621E8A3BF400B75805;
					};
				};
			};
			buildConfigurationList = 1857855E1E8A3BF400B75805 /* Build configuration list for PBXProject "SwiftDemo" */;
			compatibilityVersion = "Xcode 3.2";
			developmentRegion = English;
			hasScannedForEncodings = 0;
			knownRegions = (
				en,
				Base,
			);
			mainGroup = 1857855A1E8A3BF400B75805;
			productRefGroup = 185785641E8A3BF400B75805 /* Products */;
			projectDirPath = "";
			projectRoot = "";
			targets = (
				185785621E8A3BF400B75805 /* SwiftDemo */,
				185785761E8A3BF400B75805 /* SwiftDemoTests */,
				185785811E8A3BF400B75805 /* SwiftDemoUITests */,
			);
		};
/* End PBXProject section */

/* Begin PBXResourcesBuildPhase section */
		185785611E8A3BF400B75805 /* Resources */ = {
			isa = PBXResourcesBuildPhase;
			buildActionMask = 2147483647;
			files = (
				185785711E8A3BF400B75805 /* LaunchScreen.storyboard in Resources */,
				185785971E8A3D4500B75805 /* checkered (6).png in Resources */,
				1857856E1E8A3BF400B75805 /* Assets.xcassets in Resources */,
				1857856C1E8A3BF400B75805 /* Main.storyboard in Resources */,
			);
			runOnlyForDeploymentPostprocessing = 0;
		};
		185785751E8A3BF400B75805 /* Resources */ = {
			isa = PBXResourcesBuildPhase;
			buildActionMask = 2147483647;
			files = (
			);
			runOnlyForDeploymentPostprocessing = 0;
		};
		185785801E8A3BF400B75805 /* Resources */ = {
			isa = PBXResourcesBuildPhase;
			buildActionMask = 2147483647;
			files = (
			);
			runOnlyForDeploymentPostprocessing = 0;
		};
/* End PBXResourcesBuildPhase section */

/* Begin PBXSourcesBuildPhase section */
		1857855F1E8A3BF400B75805 /* Sources */ = {
			isa = PBXSourcesBuildPhase;
			buildActionMask = 2147483647;
			files = (
				185785691E8A3BF400B75805 /* ViewController.swift in Sources */,
				185785671E8A3BF400B75805 /* AppDelegate.swift in Sources */,
			);
			runOnlyForDeploymentPostprocessing = 0;
		};
		185785731E8A3BF400B75805 /* Sources */ = {
			isa = PBXSourcesBuildPhase;
			buildActionMask = 2147483647;
			files = (
				1857857C1E8A3BF400B75805 /* SwiftDemoTests.swift in Sources */,
			);
			runOnlyForDeploymentPostprocessing = 0;
		};
		1857857E1E8A3BF400B75805 /* Sources */ = {
			isa = PBXSourcesBuildPhase;
			buildActionMask = 2147483647;
			files = (
				185785871E8A3BF400B75805 /* SwiftDemoUITests.swift in Sources */,
			);
			runOnlyForDeploymentPostprocessing = 0;
		};
/* End PBXSourcesBuildPhase section */

/* Begin PBXTargetDependency section */
		185785791E8A3BF400B75805 /* PBXTargetDependency */ = {
			isa = PBXTargetDependency;
			target = 185785621E8A3BF400B75805 /* SwiftDemo */;
			targetProxy = 185785781E8A3BF400B75805 /* PBXContainerItemProxy */;
		};
		185785841E8A3BF400B75805 /* PBXTargetDependency */ = {
			isa = PBXTargetDependency;
			target = 185785621E8A3BF400B75805 /* SwiftDemo */;
			targetProxy = 185785831E8A3BF400B75805 /* PBXContainerItemProxy */;
		};
/* End PBXTargetDependency section */

/* Begin PBXVariantGroup section */
		1857856A1E8A3BF400B75805 /* Main.storyboard */ = {
			isa = PBXVariantGroup;
			children = (
				1857856B1E8A3BF400B75805 /* Base */,
			);
			name = Main.storyboard;
			sourceTree = "<group>";
		};
		1857856F1E8A3BF400B75805 /* LaunchScreen.storyboard */ = {
			isa = PBXVariantGroup;
			children = (
				185785701E8A3BF400B75805 /* Base */,
			);
			name = LaunchScreen.storyboard;
			sourceTree = "<group>";
		};
/* End PBXVariantGroup section */

/* Begin XCBuildConfiguration section */
		185785891E8A3BF400B75805 /* Debug */ = {
			isa = XCBuildConfiguration;
			buildSettings = {
				ALWAYS_SEARCH_USER_PATHS = NO;
				CLANG_ANALYZER_NONNULL = YES;
				CLANG_CXX_LANGUAGE_STANDARD = "gnu++0x";
				CLANG_CXX_LIBRARY = "libc++";
				CLANG_ENABLE_MODULES = YES;
				CLANG_ENABLE_OBJC_ARC = YES;
				CLANG_WARN_BOOL_CONVERSION = YES;
				CLANG_WARN_CONSTANT_CONVERSION = YES;
				CLANG_WARN_DIRECT_OBJC_ISA_USAGE = YES_ERROR;
				CLANG_WARN_DOCUMENTATION_COMMENTS = YES;
				CLANG_WARN_EMPTY_BODY = YES;
				CLANG_WARN_ENUM_CONVERSION = YES;
				CLANG_WARN_INFINITE_RECURSION = YES;
				CLANG_WARN_INT_CONVERSION = YES;
				CLANG_WARN_OBJC_ROOT_CLASS = YES_ERROR;
				CLANG_WARN_SUSPICIOUS_MOVE = YES;
				CLANG_WARN_UNREACHABLE_CODE = YES;
				CLANG_WARN__DUPLICATE_METHOD_MATCH = YES;
				CODE_SIGN_IDENTITY = "iPhone Developer: Iqbal Singh (ZKG4WAM2JD)";
				"CODE_SIGN_IDENTITY[sdk=iphoneos*]" = "iPhone Developer: Iqbal Singh (ZKG4WAM2JD)";
				COPY_PHASE_STRIP = NO;
				DEBUG_INFORMATION_FORMAT = dwarf;
				ENABLE_STRICT_OBJC_MSGSEND = YES;
				ENABLE_TESTABILITY = YES;
				GCC_C_LANGUAGE_STANDARD = gnu99;
				GCC_DYNAMIC_NO_PIC = NO;
				GCC_NO_COMMON_BLOCKS = YES;
				GCC_OPTIMIZATION_LEVEL = 0;
				GCC_PREPROCESSOR_DEFINITIONS = (
					"DEBUG=1",
					"$(inherited)",
				);
				GCC_WARN_64_TO_32_BIT_CONVERSION = YES;
				GCC_WARN_ABOUT_RETURN_TYPE = YES_ERROR;
				GCC_WARN_UNDECLARED_SELECTOR = YES;
				GCC_WARN_UNINITIALIZED_AUTOS = YES_AGGRESSIVE;
				GCC_WARN_UNUSED_FUNCTION = YES;
				GCC_WARN_UNUSED_VARIABLE = YES;
				IPHONEOS_DEPLOYMENT_TARGET = 10.2;
				MTL_ENABLE_DEBUG_INFO = YES;
				ONLY_ACTIVE_ARCH = YES;
				PROVISIONING_PROFILE = "be170730-f027-48bd-bf94-bb1c6a293ed5";
				PROVISIONING_PROFILE_SPECIFIER = JTest;
				SDKROOT = iphoneos;
				SWIFT_ACTIVE_COMPILATION_CONDITIONS = DEBUG;
				SWIFT_OPTIMIZATION_LEVEL = "-Onone";
				TARGETED_DEVICE_FAMILY = "1,2";
			};
			name = Debug;
		};
		1857858A1E8A3BF400B75805 /* Release */ = {
			isa = XCBuildConfiguration;
			buildSettings = {
				ALWAYS_SEARCH_USER_PATHS = NO;
				CLANG_ANALYZER_NONNULL = YES;
				CLANG_CXX_LANGUAGE_STANDARD = "gnu++0x";
				CLANG_CXX_LIBRARY = "libc++";
				CLANG_ENABLE_MODULES = YES;
				CLANG_ENABLE_OBJC_ARC = YES;
				CLANG_WARN_BOOL_CONVERSION = YES;
				CLANG_WARN_CONSTANT_CONVERSION = YES;
				CLANG_WARN_DIRECT_OBJC_ISA_USAGE = YES_ERROR;
				CLANG_WARN_DOCUMENTATION_COMMENTS = YES;
				CLANG_WARN_EMPTY_BODY = YES;
				CLANG_WARN_ENUM_CONVERSION = YES;
				CLANG_WARN_INFINITE_RECURSION = YES;
				CLANG_WARN_INT_CONVERSION = YES;
				CLANG_WARN_OBJC_ROOT_CLASS = YES_ERROR;
				CLANG_WARN_SUSPICIOUS_MOVE = YES;
				CLANG_WARN_UNREACHABLE_CODE = YES;
				CLANG_WARN__DUPLICATE_METHOD_MATCH = YES;
				CODE_SIGN_IDENTITY = "iPhone Developer: Iqbal Singh (ZKG4WAM2JD)";
				"CODE_SIGN_IDENTITY[sdk=iphoneos*]" = "iPhone Developer: Iqbal Singh (ZKG4WAM2JD)";
				COPY_PHASE_STRIP = NO;
				DEBUG_INFORMATION_FORMAT = "dwarf-with-dsym";
				ENABLE_NS_ASSERTIONS = NO;
				ENABLE_STRICT_OBJC_MSGSEND = YES;
				GCC_C_LANGUAGE_STANDARD = gnu99;
				GCC_NO_COMMON_BLOCKS = YES;
				GCC_WARN_64_TO_32_BIT_CONVERSION = YES;
				GCC_WARN_ABOUT_RETURN_TYPE = YES_ERROR;
				GCC_WARN_UNDECLARED_SELECTOR = YES;
				GCC_WARN_UNINITIALIZED_AUTOS = YES_AGGRESSIVE;
				GCC_WARN_UNUSED_FUNCTION = YES;
				GCC_WARN_UNUSED_VARIABLE = YES;
				IPHONEOS_DEPLOYMENT_TARGET = 10.2;
				MTL_ENABLE_DEBUG_INFO = NO;
				PROVISIONING_PROFILE = "be170730-f027-48bd-bf94-bb1c6a293ed5";
				PROVISIONING_PROFILE_SPECIFIER = JTest;
				SDKROOT = iphoneos;
				SWIFT_OPTIMIZATION_LEVEL = "-Owholemodule";
				TARGETED_DEVICE_FAMILY = "1,2";
				VALIDATE_PRODUCT = YES;
			};
			name = Release;
		};
		1857858C1E8A3BF400B75805 /* Debug */ = {
			isa = XCBuildConfiguration;
			buildSettings = {
				ASSETCATALOG_COMPILER_APPICON_NAME = AppIcon;
				CODE_SIGN_IDENTITY = "iPhone Developer: Iqbal Singh (ZKG4WAM2JD)";
				"CODE_SIGN_IDENTITY[sdk=iphoneos*]" = "iPhone Developer: Iqbal Singh (ZKG4WAM2JD)";
				DEVELOPMENT_TEAM = JC39BY23BM;
				INFOPLIST_FILE = SwiftDemo/Info.plist;
				LD_RUNPATH_SEARCH_PATHS = "$(inherited) @executable_path/Frameworks";
				PRODUCT_BUNDLE_IDENTIFIER = "com.immanent.SwiftDemo.-";
				PRODUCT_NAME = "$(TARGET_NAME)";
				PROVISIONING_PROFILE = "be170730-f027-48bd-bf94-bb1c6a293ed5";
				PROVISIONING_PROFILE_SPECIFIER = JTest;
				SWIFT_VERSION = 3.0;
			};
			name = Debug;
		};
		1857858D1E8A3BF400B75805 /* Release */ = {
			isa = XCBuildConfiguration;
			buildSettings = {
				ASSETCATALOG_COMPILER_APPICON_NAME = AppIcon;
				CODE_SIGN_IDENTITY = "iPhone Developer: Iqbal Singh (ZKG4WAM2JD)";
				"CODE_SIGN_IDENTITY[sdk=iphoneos*]" = "iPhone Developer: Iqbal Singh (ZKG4WAM2JD)";
				DEVELOPMENT_TEAM = JC39BY23BM;
				INFOPLIST_FILE = SwiftDemo/Info.plist;
				LD_RUNPATH_SEARCH_PATHS = "$(inherited) @executable_path/Frameworks";
				PRODUCT_BUNDLE_IDENTIFIER = "com.immanent.SwiftDemo.-";
				PRODUCT_NAME = "$(TARGET_NAME)";
				PROVISIONING_PROFILE = "be170730-f027-48bd-bf94-bb1c6a293ed5";
				PROVISIONING_PROFILE_SPECIFIER = JTest;
				SWIFT_VERSION = 3.0;
			};
			name = Release;
		};
		1857858F1E8A3BF400B75805 /* Debug */ = {
			isa = XCBuildConfiguration;
			buildSettings = {
				ALWAYS_EMBED_SWIFT_STANDARD_LIBRARIES = YES;
				BUNDLE_LOADER = "$(TEST_HOST)";
				CODE_SIGN_IDENTITY = "iPhone Developer: Iqbal Singh (ZKG4WAM2JD)";
				"CODE_SIGN_IDENTITY[sdk=iphoneos*]" = "iPhone Developer: Iqbal Singh (ZKG4WAM2JD)";
				DEVELOPMENT_TEAM = JC39BY23BM;
				INFOPLIST_FILE = SwiftDemoTests/Info.plist;
				LD_RUNPATH_SEARCH_PATHS = "$(inherited) @executable_path/Frameworks @loader_path/Frameworks";
				PRODUCT_BUNDLE_IDENTIFIER = Immanent.SwiftDemoTests;
				PRODUCT_NAME = "$(TARGET_NAME)";
				PROVISIONING_PROFILE = "be170730-f027-48bd-bf94-bb1c6a293ed5";
				PROVISIONING_PROFILE_SPECIFIER = JTest;
				SWIFT_VERSION = 3.0;
				TEST_HOST = "$(BUILT_PRODUCTS_DIR)/SwiftDemo.app/SwiftDemo";
			};
			name = Debug;
		};
		185785901E8A3BF400B75805 /* Release */ = {
			isa = XCBuildConfiguration;
			buildSettings = {
				ALWAYS_EMBED_SWIFT_STANDARD_LIBRARIES = YES;
				BUNDLE_LOADER = "$(TEST_HOST)";
				CODE_SIGN_IDENTITY = "iPhone Developer: Iqbal Singh (ZKG4WAM2JD)";
				"CODE_SIGN_IDENTITY[sdk=iphoneos*]" = "iPhone Developer: Iqbal Singh (ZKG4WAM2JD)";
				DEVELOPMENT_TEAM = JC39BY23BM;
				INFOPLIST_FILE = SwiftDemoTests/Info.plist;
				LD_RUNPATH_SEARCH_PATHS = "$(inherited) @executable_path/Frameworks @loader_path/Frameworks";
				PRODUCT_BUNDLE_IDENTIFIER = Immanent.SwiftDemoTests;
				PRODUCT_NAME = "$(TARGET_NAME)";
				PROVISIONING_PROFILE = "be170730-f027-48bd-bf94-bb1c6a293ed5";
				PROVISIONING_PROFILE_SPECIFIER = JTest;
				SWIFT_VERSION = 3.0;
				TEST_HOST = "$(BUILT_PRODUCTS_DIR)/SwiftDemo.app/SwiftDemo";
			};
			name = Release;
		};
		185785921E8A3BF400B75805 /* Debug */ = {
			isa = XCBuildConfiguration;
			buildSettings = {
				ALWAYS_EMBED_SWIFT_STANDARD_LIBRARIES = YES;
				CODE_SIGN_IDENTITY = "iPhone Developer: Iqbal Singh (ZKG4WAM2JD)";
				"CODE_SIGN_IDENTITY[sdk=iphoneos*]" = "iPhone Developer: Iqbal Singh (ZKG4WAM2JD)";
				DEVELOPMENT_TEAM = JC39BY23BM;
				INFOPLIST_FILE = SwiftDemoUITests/Info.plist;
				LD_RUNPATH_SEARCH_PATHS = "$(inherited) @executable_path/Frameworks @loader_path/Frameworks";
				PRODUCT_BUNDLE_IDENTIFIER = Immanent.SwiftDemoUITests;
				PRODUCT_NAME = "$(TARGET_NAME)";
				PROVISIONING_PROFILE = "be170730-f027-48bd-bf94-bb1c6a293ed5";
				PROVISIONING_PROFILE_SPECIFIER = JTest;
				SWIFT_VERSION = 3.0;
				TEST_TARGET_NAME = SwiftDemo;
			};
			name = Debug;
		};
		185785931E8A3BF400B75805 /* Release */ = {
			isa = XCBuildConfiguration;
			buildSettings = {
				ALWAYS_EMBED_SWIFT_STANDARD_LIBRARIES = YES;
				CODE_SIGN_IDENTITY = "iPhone Developer: Iqbal Singh (ZKG4WAM2JD)";
				"CODE_SIGN_IDENTITY[sdk=iphoneos*]" = "iPhone Developer: Iqbal Singh (ZKG4WAM2JD)";
				DEVELOPMENT_TEAM = JC39BY23BM;
				INFOPLIST_FILE = SwiftDemoUITests/Info.plist;
				LD_RUNPATH_SEARCH_PATHS = "$(inherited) @executable_path/Frameworks @loader_path/Frameworks";
				PRODUCT_BUNDLE_IDENTIFIER = Immanent.SwiftDemoUITests;
				PRODUCT_NAME = "$(TARGET_NAME)";
				PROVISIONING_PROFILE = "be170730-f027-48bd-bf94-bb1c6a293ed5";
				PROVISIONING_PROFILE_SPECIFIER = JTest;
				SWIFT_VERSION = 3.0;
				TEST_TARGET_NAME = SwiftDemo;
			};
			name = Release;
		};
/* End XCBuildConfiguration section */

/* Begin XCConfigurationList section */
		1857855E1E8A3BF400B75805 /* Build configuration list for PBXProject "SwiftDemo" */ = {
			isa = XCConfigurationList;
			buildConfigurations = (
				185785891E8A3BF400B75805 /* Debug */,
				1857858A1E8A3BF400B75805 /* Release */,
			);
			defaultConfigurationIsVisible = 0;
			defaultConfigurationName = Release;
		};
		1857858B1E8A3BF400B75805 /* Build configuration list for PBXNativeTarget "SwiftDemo" */ = {
			isa = XCConfigurationList;
			buildConfigurations = (
				1857858C1E8A3BF400B75805 /* Debug */,
				1857858D1E8A3BF400B75805 /* Release */,
			);
			defaultConfigurationIsVisible = 0;
			defaultConfigurationName = Release;
		};
		1857858E1E8A3BF400B75805 /* Build configuration list for PBXNativeTarget "SwiftDemoTests" */ = {
			isa = XCConfigurationList;
			buildConfigurations = (
				1857858F1E8A3BF400B75805 /* Debug */,
				185785901E8A3BF400B75805 /* Release */,
			);
			defaultConfigurationIsVisible = 0;
			defaultConfigurationName = Release;
		};
		185785911E8A3BF400B75805 /* Build configuration list for PBXNativeTarget "SwiftDemoUITests" */ = {
			isa = XCConfigurationList;
			buildConfigurations = (
				185785921E8A3BF400B75805 /* Debug */,
				185785931E8A3BF400B75805 /* Release */,
			);
			defaultConfigurationIsVisible = 0;
			defaultConfigurationName = Release;
		};
/* End XCConfigurationList section */
	};
	rootObject = 1857855B1E8A3BF400B75805 /* Project object */;
}
